
Microsoft Visual Studio Solution File, Format Version 12.00
Project("{FAE04EC0-301F-11D3-BF4B-00C04F79EFBC}") = "EsBot.Server", "EsBot.Server\EsBot.Server.csproj", "{F8063880-BC37-495E-AB92-2D858A3F8A52}"
EndProject
Project("{FAE04EC0-301F-11D3-BF4B-00C04F79EFBC}") = "Test.Integration.API", "Test.Integration.API\Test.Integration.API.csproj", "{AAC51C68-C334-4052-91BA-6864B06DAED8}"
EndProject
Project("{FAE04EC0-301F-11D3-BF4B-00C04F79EFBC}") = "Services", "Services\Services.csproj", "{2434BA10-19D1-4F0B-BA10-167018C1404A}"
EndProject
Project("{FAE04EC0-301F-11D3-BF4B-00C04F79EFBC}") = "Test.UnitTest.Models", "Test.UnitTest.Models\Test.UnitTest.Models.csproj", "{F7CCF143-21AB-4D36-A7FD-D4D33BB37E4D}"
EndProject
Project("{FAE04EC0-301F-11D3-BF4B-00C04F79EFBC}") = "DataBaseModels", "DataBaseModels\DataBaseModels.csproj", "{CD9B993F-1C47-4034-A1E3-790429D07A0D}"
EndProject
Global
	GlobalSection(SolutionConfigurationPlatforms) = preSolution
		Debug|Any CPU = Debug|Any CPU
		Release|Any CPU = Release|Any CPU
	EndGlobalSection
	GlobalSection(ProjectConfigurationPlatforms) = postSolution
		{F8063880-BC37-495E-AB92-2D858A3F8A52}.Debug|Any CPU.ActiveCfg = Debug|Any CPU
		{F8063880-BC37-495E-AB92-2D858A3F8A52}.Debug|Any CPU.Build.0 = Debug|Any CPU
		{F8063880-BC37-495E-AB92-2D858A3F8A52}.Release|Any CPU.ActiveCfg = Release|Any CPU
		{F8063880-BC37-495E-AB92-2D858A3F8A52}.Release|Any CPU.Build.0 = Release|Any CPU
		{AAC51C68-C334-4052-91BA-6864B06DAED8}.Debug|Any CPU.ActiveCfg = Debug|Any CPU
		{AAC51C68-C334-4052-91BA-6864B06DAED8}.Debug|Any CPU.Build.0 = Debug|Any CPU
		{AAC51C68-C334-4052-91BA-6864B06DAED8}.Release|Any CPU.ActiveCfg = Release|Any CPU
		{AAC51C68-C334-4052-91BA-6864B06DAED8}.Release|Any CPU.Build.0 = Release|Any CPU
		{2434BA10-19D1-4F0B-BA10-167018C1404A}.Debug|Any CPU.ActiveCfg = Debug|Any CPU
		{2434BA10-19D1-4F0B-BA10-167018C1404A}.Debug|Any CPU.Build.0 = Debug|Any CPU
		{2434BA10-19D1-4F0B-BA10-167018C1404A}.Release|Any CPU.ActiveCfg = Release|Any CPU
		{2434BA10-19D1-4F0B-BA10-167018C1404A}.Release|Any CPU.Build.0 = Release|Any CPU
		{F7CCF143-21AB-4D36-A7FD-D4D33BB37E4D}.Debug|Any CPU.ActiveCfg = Debug|Any CPU
		{F7CCF143-21AB-4D36-A7FD-D4D33BB37E4D}.Debug|Any CPU.Build.0 = Debug|Any CPU
		{F7CCF143-21AB-4D36-A7FD-D4D33BB37E4D}.Release|Any CPU.ActiveCfg = Release|Any CPU
		{F7CCF143-21AB-4D36-A7FD-D4D33BB37E4D}.Release|Any CPU.Build.0 = Release|Any CPU
		{CD9B993F-1C47-4034-A1E3-790429D07A0D}.Debug|Any CPU.ActiveCfg = Debug|Any CPU
		{CD9B993F-1C47-4034-A1E3-790429D07A0D}.Debug|Any CPU.Build.0 = Debug|Any CPU
		{CD9B993F-1C47-4034-A1E3-790429D07A0D}.Release|Any CPU.ActiveCfg = Release|Any CPU
		{CD9B993F-1C47-4034-A1E3-790429D07A0D}.Release|Any CPU.Build.0 = Release|Any CPU
	EndGlobalSection
EndGlobal
